// !$*UTF8*$!
{
	archiveVersion = 1;
	classes = {
	};
	objectVersion = 51;
	objects = {

/* Begin PBXBuildFile section */
		31F36347634D0B91E8C82E23 /* Pods_StopCovidEpitech.framework in Frameworks */ = {isa = PBXBuildFile; fileRef = 309900D83A7129EE634DAE45 /* Pods_StopCovidEpitech.framework */; };
		7E098CF4253654B100DDDC1C /* UIViewController+Alert.swift in Sources */ = {isa = PBXBuildFile; fileRef = 7E098CF3253654B100DDDC1C /* UIViewController+Alert.swift */; };
		7E098CFC2536557500DDDC1C /* QRData.swift in Sources */ = {isa = PBXBuildFile; fileRef = 7E098CFB2536557500DDDC1C /* QRData.swift */; };
		7E098D012536DE2500DDDC1C /* QRScannerView.swift in Sources */ = {isa = PBXBuildFile; fileRef = 7E098D002536DE2500DDDC1C /* QRScannerView.swift */; };
		7E098D052536DE4B00DDDC1C /* CopyLabel.swift in Sources */ = {isa = PBXBuildFile; fileRef = 7E098D042536DE4B00DDDC1C /* CopyLabel.swift */; };
		7E098D0B2536DF1900DDDC1C /* QRScannerViewController.swift in Sources */ = {isa = PBXBuildFile; fileRef = 7E098D0A2536DF1900DDDC1C /* QRScannerViewController.swift */; };
		7E098D0E2536DF4000DDDC1C /* DetailViewController.swift in Sources */ = {isa = PBXBuildFile; fileRef = 7E098D0D2536DF4000DDDC1C /* DetailViewController.swift */; };
		7E9A0A9F2536E0EA006FDBDE /* QRCode.swift in Sources */ = {isa = PBXBuildFile; fileRef = 7E9A0A9E2536E0EA006FDBDE /* QRCode.swift */; };
		7E9A0B132536F0F8006FDBDE /* Grid.swift in Sources */ = {isa = PBXBuildFile; fileRef = 7E9A0B122536F0F8006FDBDE /* Grid.swift */; };
		7E9A0B1E253725D8006FDBDE /* InsertCodeCovidViewController.swift in Sources */ = {isa = PBXBuildFile; fileRef = 7E9A0B1D253725D8006FDBDE /* InsertCodeCovidViewController.swift */; };
		7EDF7C5E2535EA6B00191510 /* AppDelegate.swift in Sources */ = {isa = PBXBuildFile; fileRef = 7EDF7C5D2535EA6B00191510 /* AppDelegate.swift */; };
		7EDF7C622535EA6B00191510 /* FirstVisit.swift in Sources */ = {isa = PBXBuildFile; fileRef = 7EDF7C612535EA6B00191510 /* FirstVisit.swift */; };
		7EDF7C652535EA6B00191510 /* Main.storyboard in Resources */ = {isa = PBXBuildFile; fileRef = 7EDF7C632535EA6B00191510 /* Main.storyboard */; };
		7EDF7C672535EA6D00191510 /* Assets.xcassets in Resources */ = {isa = PBXBuildFile; fileRef = 7EDF7C662535EA6D00191510 /* Assets.xcassets */; };
		7EDF7C6A2535EA6D00191510 /* LaunchScreen.storyboard in Resources */ = {isa = PBXBuildFile; fileRef = 7EDF7C682535EA6D00191510 /* LaunchScreen.storyboard */; };
		7EDF7C742535EE7A00191510 /* LoginViewController.swift in Sources */ = {isa = PBXBuildFile; fileRef = 7EDF7C732535EE7A00191510 /* LoginViewController.swift */; };
		7EDF7C772535EF1D00191510 /* InscriptionViewController.swift in Sources */ = {isa = PBXBuildFile; fileRef = 7EDF7C762535EF1D00191510 /* InscriptionViewController.swift */; };
		7EDF7C7B2535F1BC00191510 /* DashboardViewController.swift in Sources */ = {isa = PBXBuildFile; fileRef = 7EDF7C7A2535F1BC00191510 /* DashboardViewController.swift */; };
		7EDF7C7E2535F4C600191510 /* StoryboardConnected.storyboard in Resources */ = {isa = PBXBuildFile; fileRef = 7EDF7C7D2535F4C600191510 /* StoryboardConnected.storyboard */; };
		7EDF7C872535F64C00191510 /* StateCovidViewController.swift in Sources */ = {isa = PBXBuildFile; fileRef = 7EDF7C862535F64C00191510 /* StateCovidViewController.swift */; };
		7EDF7C8A2535F68C00191510 /* DepistViewController.swift in Sources */ = {isa = PBXBuildFile; fileRef = 7EDF7C892535F68C00191510 /* DepistViewController.swift */; };
		7EDF7C8D2535F6A400191510 /* CodeCovidViewController.swift in Sources */ = {isa = PBXBuildFile; fileRef = 7EDF7C8C2535F6A400191510 /* CodeCovidViewController.swift */; };
		7EDF7C902535F77600191510 /* SymptomesViewController.swift in Sources */ = {isa = PBXBuildFile; fileRef = 7EDF7C8F2535F77600191510 /* SymptomesViewController.swift */; };
		7EDF7C9325363D1300191510 /* SignUpViewController.swift in Sources */ = {isa = PBXBuildFile; fileRef = 7EDF7C9225363D1300191510 /* SignUpViewController.swift */; };
		D9B435052537407B003509A4 /* Hex.swift in Sources */ = {isa = PBXBuildFile; fileRef = D9B435042537407B003509A4 /* Hex.swift */; };
/* End PBXBuildFile section */

/* Begin PBXFileReference section */
		309900D83A7129EE634DAE45 /* Pods_StopCovidEpitech.framework */ = {isa = PBXFileReference; explicitFileType = wrapper.framework; includeInIndex = 0; path = Pods_StopCovidEpitech.framework; sourceTree = BUILT_PRODUCTS_DIR; };
		4B1759BC259A41E2F55D646B /* Pods-StopCovidEpitech.release.xcconfig */ = {isa = PBXFileReference; includeInIndex = 1; lastKnownFileType = text.xcconfig; name = "Pods-StopCovidEpitech.release.xcconfig"; path = "Target Support Files/Pods-StopCovidEpitech/Pods-StopCovidEpitech.release.xcconfig"; sourceTree = "<group>"; };
		7E098CF3253654B100DDDC1C /* UIViewController+Alert.swift */ = {isa = PBXFileReference; lastKnownFileType = sourcecode.swift; path = "UIViewController+Alert.swift"; sourceTree = "<group>"; };
		7E098CFB2536557500DDDC1C /* QRData.swift */ = {isa = PBXFileReference; lastKnownFileType = sourcecode.swift; path = QRData.swift; sourceTree = "<group>"; };
		7E098D002536DE2500DDDC1C /* QRScannerView.swift */ = {isa = PBXFileReference; lastKnownFileType = sourcecode.swift; path = QRScannerView.swift; sourceTree = "<group>"; };
		7E098D042536DE4B00DDDC1C /* CopyLabel.swift */ = {isa = PBXFileReference; lastKnownFileType = sourcecode.swift; path = CopyLabel.swift; sourceTree = "<group>"; };
		7E098D0A2536DF1900DDDC1C /* QRScannerViewController.swift */ = {isa = PBXFileReference; lastKnownFileType = sourcecode.swift; path = QRScannerViewController.swift; sourceTree = "<group>"; };
		7E098D0D2536DF4000DDDC1C /* DetailViewController.swift */ = {isa = PBXFileReference; lastKnownFileType = sourcecode.swift; path = DetailViewController.swift; sourceTree = "<group>"; };
		7E9A0A9E2536E0EA006FDBDE /* QRCode.swift */ = {isa = PBXFileReference; lastKnownFileType = sourcecode.swift; path = QRCode.swift; sourceTree = "<group>"; };
		7E9A0B122536F0F8006FDBDE /* Grid.swift */ = {isa = PBXFileReference; lastKnownFileType = sourcecode.swift; path = Grid.swift; sourceTree = "<group>"; };
		7E9A0B1D253725D8006FDBDE /* InsertCodeCovidViewController.swift */ = {isa = PBXFileReference; lastKnownFileType = sourcecode.swift; path = InsertCodeCovidViewController.swift; sourceTree = "<group>"; };
		7EDF7C5A2535EA6B00191510 /* StopCovidEpitech.app */ = {isa = PBXFileReference; explicitFileType = wrapper.application; includeInIndex = 0; path = StopCovidEpitech.app; sourceTree = BUILT_PRODUCTS_DIR; };
		7EDF7C5D2535EA6B00191510 /* AppDelegate.swift */ = {isa = PBXFileReference; lastKnownFileType = sourcecode.swift; path = AppDelegate.swift; sourceTree = "<group>"; };
		7EDF7C612535EA6B00191510 /* FirstVisit.swift */ = {isa = PBXFileReference; lastKnownFileType = sourcecode.swift; path = FirstVisit.swift; sourceTree = "<group>"; };
		7EDF7C642535EA6B00191510 /* Base */ = {isa = PBXFileReference; lastKnownFileType = file.storyboard; name = Base; path = Base.lproj/Main.storyboard; sourceTree = "<group>"; };
		7EDF7C662535EA6D00191510 /* Assets.xcassets */ = {isa = PBXFileReference; lastKnownFileType = folder.assetcatalog; path = Assets.xcassets; sourceTree = "<group>"; };
		7EDF7C692535EA6D00191510 /* Base */ = {isa = PBXFileReference; lastKnownFileType = file.storyboard; name = Base; path = Base.lproj/LaunchScreen.storyboard; sourceTree = "<group>"; };
		7EDF7C6B2535EA6D00191510 /* Info.plist */ = {isa = PBXFileReference; lastKnownFileType = text.plist.xml; path = Info.plist; sourceTree = "<group>"; };
		7EDF7C732535EE7A00191510 /* LoginViewController.swift */ = {isa = PBXFileReference; lastKnownFileType = sourcecode.swift; path = LoginViewController.swift; sourceTree = "<group>"; };
		7EDF7C762535EF1D00191510 /* InscriptionViewController.swift */ = {isa = PBXFileReference; lastKnownFileType = sourcecode.swift; path = InscriptionViewController.swift; sourceTree = "<group>"; };
		7EDF7C7A2535F1BC00191510 /* DashboardViewController.swift */ = {isa = PBXFileReference; lastKnownFileType = sourcecode.swift; path = DashboardViewController.swift; sourceTree = "<group>"; };
		7EDF7C7D2535F4C600191510 /* StoryboardConnected.storyboard */ = {isa = PBXFileReference; lastKnownFileType = file.storyboard; path = StoryboardConnected.storyboard; sourceTree = "<group>"; };
		7EDF7C862535F64C00191510 /* StateCovidViewController.swift */ = {isa = PBXFileReference; lastKnownFileType = sourcecode.swift; path = StateCovidViewController.swift; sourceTree = "<group>"; };
		7EDF7C892535F68C00191510 /* DepistViewController.swift */ = {isa = PBXFileReference; lastKnownFileType = sourcecode.swift; path = DepistViewController.swift; sourceTree = "<group>"; };
		7EDF7C8C2535F6A400191510 /* CodeCovidViewController.swift */ = {isa = PBXFileReference; lastKnownFileType = sourcecode.swift; path = CodeCovidViewController.swift; sourceTree = "<group>"; };
		7EDF7C8F2535F77600191510 /* SymptomesViewController.swift */ = {isa = PBXFileReference; lastKnownFileType = sourcecode.swift; path = SymptomesViewController.swift; sourceTree = "<group>"; };
		7EDF7C9225363D1300191510 /* SignUpViewController.swift */ = {isa = PBXFileReference; lastKnownFileType = sourcecode.swift; path = SignUpViewController.swift; sourceTree = "<group>"; };
		D9B435042537407B003509A4 /* Hex.swift */ = {isa = PBXFileReference; lastKnownFileType = sourcecode.swift; path = Hex.swift; sourceTree = "<group>"; };
		FB92C3976BE7A5E6714AA428 /* Pods-StopCovidEpitech.debug.xcconfig */ = {isa = PBXFileReference; includeInIndex = 1; lastKnownFileType = text.xcconfig; name = "Pods-StopCovidEpitech.debug.xcconfig"; path = "Target Support Files/Pods-StopCovidEpitech/Pods-StopCovidEpitech.debug.xcconfig"; sourceTree = "<group>"; };
/* End PBXFileReference section */

/* Begin PBXFrameworksBuildPhase section */
		7EDF7C572535EA6B00191510 /* Frameworks */ = {
			isa = PBXFrameworksBuildPhase;
			buildActionMask = 2147483647;
			files = (
				31F36347634D0B91E8C82E23 /* Pods_StopCovidEpitech.framework in Frameworks */,
			);
			runOnlyForDeploymentPostprocessing = 0;
		};
/* End PBXFrameworksBuildPhase section */

/* Begin PBXGroup section */
		2B3712F03CF8A2823DDD85AD /* Frameworks */ = {
			isa = PBXGroup;
			children = (
				309900D83A7129EE634DAE45 /* Pods_StopCovidEpitech.framework */,
			);
			name = Frameworks;
			sourceTree = "<group>";
		};
		709D0753675F435B692029B3 /* Pods */ = {
			isa = PBXGroup;
			children = (
				FB92C3976BE7A5E6714AA428 /* Pods-StopCovidEpitech.debug.xcconfig */,
				4B1759BC259A41E2F55D646B /* Pods-StopCovidEpitech.release.xcconfig */,
			);
			path = Pods;
			sourceTree = "<group>";
		};
		7E098CF22536544B00DDDC1C /* Extensions */ = {
			isa = PBXGroup;
			children = (
				7E098CF3253654B100DDDC1C /* UIViewController+Alert.swift */,
				7E9A0A9E2536E0EA006FDBDE /* QRCode.swift */,
				7E9A0B122536F0F8006FDBDE /* Grid.swift */,
				D9B435042537407B003509A4 /* Hex.swift */,
			);
			path = Extensions;
			sourceTree = "<group>";
		};
		7E098CF7253654DA00DDDC1C /* Storyboards */ = {
			isa = PBXGroup;
			children = (
				7EDF7C682535EA6D00191510 /* LaunchScreen.storyboard */,
				7EDF7C7D2535F4C600191510 /* StoryboardConnected.storyboard */,
				7EDF7C632535EA6B00191510 /* Main.storyboard */,
			);
			path = Storyboards;
			sourceTree = "<group>";
		};
		7E098CF82536550600DDDC1C /* View */ = {
			isa = PBXGroup;
			children = (
				7E9A0AA12536E37A006FDBDE /* Ressources */,
				7E098CF92536551B00DDDC1C /* Controller */,
				7E098CF7253654DA00DDDC1C /* Storyboards */,
				7E098D002536DE2500DDDC1C /* QRScannerView.swift */,
				7E098D042536DE4B00DDDC1C /* CopyLabel.swift */,
			);
			path = View;
			sourceTree = "<group>";
		};
		7E098CF92536551B00DDDC1C /* Controller */ = {
			isa = PBXGroup;
			children = (
				7EDF7C612535EA6B00191510 /* FirstVisit.swift */,
				7EDF7C762535EF1D00191510 /* InscriptionViewController.swift */,
				7EDF7C8F2535F77600191510 /* SymptomesViewController.swift */,
				7EDF7C892535F68C00191510 /* DepistViewController.swift */,
				7EDF7C7A2535F1BC00191510 /* DashboardViewController.swift */,
				7EDF7C8C2535F6A400191510 /* CodeCovidViewController.swift */,
				7EDF7C862535F64C00191510 /* StateCovidViewController.swift */,
				7EDF7C9225363D1300191510 /* SignUpViewController.swift */,
				7EDF7C732535EE7A00191510 /* LoginViewController.swift */,
				7E098D0A2536DF1900DDDC1C /* QRScannerViewController.swift */,
				7E098D0D2536DF4000DDDC1C /* DetailViewController.swift */,
				7E9A0B1D253725D8006FDBDE /* InsertCodeCovidViewController.swift */,
			);
			path = Controller;
			sourceTree = "<group>";
		};
		7E098CFA2536556500DDDC1C /* Model */ = {
			isa = PBXGroup;
			children = (
				7E098CFB2536557500DDDC1C /* QRData.swift */,
			);
			name = Model;
			path = ..;
			sourceTree = "<group>";
		};
		7E9A0AA12536E37A006FDBDE /* Ressources */ = {
			isa = PBXGroup;
			children = (
			);
			path = Ressources;
			sourceTree = "<group>";
		};
		7EDF7C512535EA6B00191510 = {
			isa = PBXGroup;
			children = (
				7EDF7C5C2535EA6B00191510 /* StopCovidEpitech */,
				7EDF7C5B2535EA6B00191510 /* Products */,
				709D0753675F435B692029B3 /* Pods */,
				2B3712F03CF8A2823DDD85AD /* Frameworks */,
			);
			sourceTree = "<group>";
		};
		7EDF7C5B2535EA6B00191510 /* Products */ = {
			isa = PBXGroup;
			children = (
				7EDF7C5A2535EA6B00191510 /* StopCovidEpitech.app */,
			);
			name = Products;
			sourceTree = "<group>";
		};
		7EDF7C5C2535EA6B00191510 /* StopCovidEpitech */ = {
			isa = PBXGroup;
			children = (
				7E098CFA2536556500DDDC1C /* Model */,
				7E098CF82536550600DDDC1C /* View */,
				7EDF7C5D2535EA6B00191510 /* AppDelegate.swift */,
				7E098CF22536544B00DDDC1C /* Extensions */,
				7EDF7C662535EA6D00191510 /* Assets.xcassets */,
				7EDF7C6B2535EA6D00191510 /* Info.plist */,
			);
			path = StopCovidEpitech;
			sourceTree = "<group>";
		};
/* End PBXGroup section */

/* Begin PBXNativeTarget section */
		7EDF7C592535EA6B00191510 /* StopCovidEpitech */ = {
			isa = PBXNativeTarget;
			buildConfigurationList = 7EDF7C6E2535EA6D00191510 /* Build configuration list for PBXNativeTarget "StopCovidEpitech" */;
			buildPhases = (
				91BF9E088EAC052ED22F658A /* [CP] Check Pods Manifest.lock */,
				7EDF7C562535EA6B00191510 /* Sources */,
				7EDF7C572535EA6B00191510 /* Frameworks */,
				7EDF7C582535EA6B00191510 /* Resources */,
				B207A2D482A2E04A163902D1 /* [CP] Embed Pods Frameworks */,
			);
			buildRules = (
			);
			dependencies = (
			);
			name = StopCovidEpitech;
			productName = StopCovidEpitech;
			productReference = 7EDF7C5A2535EA6B00191510 /* StopCovidEpitech.app */;
			productType = "com.apple.product-type.application";
		};
/* End PBXNativeTarget section */

/* Begin PBXProject section */
		7EDF7C522535EA6B00191510 /* Project object */ = {
			isa = PBXProject;
			attributes = {
				LastSwiftUpdateCheck = 1200;
				LastUpgradeCheck = 1200;
				TargetAttributes = {
					7EDF7C592535EA6B00191510 = {
						CreatedOnToolsVersion = 12.0.1;
					};
				};
			};
			buildConfigurationList = 7EDF7C552535EA6B00191510 /* Build configuration list for PBXProject "StopCovidEpitech" */;
			compatibilityVersion = "Xcode 9.3";
			developmentRegion = en;
			hasScannedForEncodings = 0;
			knownRegions = (
				en,
				Base,
			);
			mainGroup = 7EDF7C512535EA6B00191510;
			productRefGroup = 7EDF7C5B2535EA6B00191510 /* Products */;
			projectDirPath = "";
			projectRoot = "";
			targets = (
				7EDF7C592535EA6B00191510 /* StopCovidEpitech */,
			);
		};
/* End PBXProject section */

/* Begin PBXResourcesBuildPhase section */
		7EDF7C582535EA6B00191510 /* Resources */ = {
			isa = PBXResourcesBuildPhase;
			buildActionMask = 2147483647;
			files = (
				7EDF7C6A2535EA6D00191510 /* LaunchScreen.storyboard in Resources */,
				7EDF7C7E2535F4C600191510 /* StoryboardConnected.storyboard in Resources */,
				7EDF7C672535EA6D00191510 /* Assets.xcassets in Resources */,
				7EDF7C652535EA6B00191510 /* Main.storyboard in Resources */,
			);
			runOnlyForDeploymentPostprocessing = 0;
		};
/* End PBXResourcesBuildPhase section */

/* Begin PBXShellScriptBuildPhase section */
		91BF9E088EAC052ED22F658A /* [CP] Check Pods Manifest.lock */ = {
			isa = PBXShellScriptBuildPhase;
			buildActionMask = 2147483647;
			files = (
			);
			inputFileListPaths = (
			);
			inputPaths = (
				"${PODS_PODFILE_DIR_PATH}/Podfile.lock",
				"${PODS_ROOT}/Manifest.lock",
			);
			name = "[CP] Check Pods Manifest.lock";
			outputFileListPaths = (
			);
			outputPaths = (
				"$(DERIVED_FILE_DIR)/Pods-StopCovidEpitech-checkManifestLockResult.txt",
			);
			runOnlyForDeploymentPostprocessing = 0;
			shellPath = /bin/sh;
			shellScript = "diff \"${PODS_PODFILE_DIR_PATH}/Podfile.lock\" \"${PODS_ROOT}/Manifest.lock\" > /dev/null\nif [ $? != 0 ] ; then\n    # print error to STDERR\n    echo \"error: The sandbox is not in sync with the Podfile.lock. Run 'pod install' or update your CocoaPods installation.\" >&2\n    exit 1\nfi\n# This output is used by Xcode 'outputs' to avoid re-running this script phase.\necho \"SUCCESS\" > \"${SCRIPT_OUTPUT_FILE_0}\"\n";
			showEnvVarsInLog = 0;
		};
		B207A2D482A2E04A163902D1 /* [CP] Embed Pods Frameworks */ = {
			isa = PBXShellScriptBuildPhase;
			buildActionMask = 2147483647;
			files = (
			);
			inputFileListPaths = (
				"${PODS_ROOT}/Target Support Files/Pods-StopCovidEpitech/Pods-StopCovidEpitech-frameworks-${CONFIGURATION}-input-files.xcfilelist",
			);
			name = "[CP] Embed Pods Frameworks";
			outputFileListPaths = (
				"${PODS_ROOT}/Target Support Files/Pods-StopCovidEpitech/Pods-StopCovidEpitech-frameworks-${CONFIGURATION}-output-files.xcfilelist",
			);
			runOnlyForDeploymentPostprocessing = 0;
			shellPath = /bin/sh;
			shellScript = "\"${PODS_ROOT}/Target Support Files/Pods-StopCovidEpitech/Pods-StopCovidEpitech-frameworks.sh\"\n";
			showEnvVarsInLog = 0;
		};
/* End PBXShellScriptBuildPhase section */

/* Begin PBXSourcesBuildPhase section */
		7EDF7C562535EA6B00191510 /* Sources */ = {
			isa = PBXSourcesBuildPhase;
			buildActionMask = 2147483647;
			files = (
				7E9A0B132536F0F8006FDBDE /* Grid.swift in Sources */,
				D9B435052537407B003509A4 /* Hex.swift in Sources */,
				7E098CF4253654B100DDDC1C /* UIViewController+Alert.swift in Sources */,
				7E098D0E2536DF4000DDDC1C /* DetailViewController.swift in Sources */,
				7E098D052536DE4B00DDDC1C /* CopyLabel.swift in Sources */,
				7EDF7C742535EE7A00191510 /* LoginViewController.swift in Sources */,
				7EDF7C7B2535F1BC00191510 /* DashboardViewController.swift in Sources */,
				7E9A0A9F2536E0EA006FDBDE /* QRCode.swift in Sources */,
				7E098D0B2536DF1900DDDC1C /* QRScannerViewController.swift in Sources */,
				7E098CFC2536557500DDDC1C /* QRData.swift in Sources */,
				7EDF7C772535EF1D00191510 /* InscriptionViewController.swift in Sources */,
				7EDF7C622535EA6B00191510 /* FirstVisit.swift in Sources */,
				7EDF7C8A2535F68C00191510 /* DepistViewController.swift in Sources */,
				7EDF7C8D2535F6A400191510 /* CodeCovidViewController.swift in Sources */,
				7EDF7C902535F77600191510 /* SymptomesViewController.swift in Sources */,
				7E9A0B1E253725D8006FDBDE /* InsertCodeCovidViewController.swift in Sources */,
				7EDF7C872535F64C00191510 /* StateCovidViewController.swift in Sources */,
				7EDF7C5E2535EA6B00191510 /* AppDelegate.swift in Sources */,
				7EDF7C9325363D1300191510 /* SignUpViewController.swift in Sources */,
				7E098D012536DE2500DDDC1C /* QRScannerView.swift in Sources */,
			);
			runOnlyForDeploymentPostprocessing = 0;
		};
/* End PBXSourcesBuildPhase section */

/* Begin PBXVariantGroup section */
		7EDF7C632535EA6B00191510 /* Main.storyboard */ = {
			isa = PBXVariantGroup;
			children = (
				7EDF7C642535EA6B00191510 /* Base */,
			);
			name = Main.storyboard;
			sourceTree = "<group>";
		};
		7EDF7C682535EA6D00191510 /* LaunchScreen.storyboard */ = {
			isa = PBXVariantGroup;
			children = (
				7EDF7C692535EA6D00191510 /* Base */,
			);
			name = LaunchScreen.storyboard;
			sourceTree = "<group>";
		};
/* End PBXVariantGroup section */

/* Begin XCBuildConfiguration section */
		7EDF7C6C2535EA6D00191510 /* Debug */ = {
			isa = XCBuildConfiguration;
			buildSettings = {
				ALWAYS_SEARCH_USER_PATHS = NO;
				CLANG_ANALYZER_NONNULL = YES;
				CLANG_ANALYZER_NUMBER_OBJECT_CONVERSION = YES_AGGRESSIVE;
				CLANG_CXX_LANGUAGE_STANDARD = "gnu++14";
				CLANG_CXX_LIBRARY = "libc++";
				CLANG_ENABLE_MODULES = YES;
				CLANG_ENABLE_OBJC_ARC = YES;
				CLANG_ENABLE_OBJC_WEAK = YES;
				CLANG_WARN_BLOCK_CAPTURE_AUTORELEASING = YES;
				CLANG_WARN_BOOL_CONVERSION = YES;
				CLANG_WARN_COMMA = YES;
				CLANG_WARN_CONSTANT_CONVERSION = YES;
				CLANG_WARN_DEPRECATED_OBJC_IMPLEMENTATIONS = YES;
				CLANG_WARN_DIRECT_OBJC_ISA_USAGE = YES_ERROR;
				CLANG_WARN_DOCUMENTATION_COMMENTS = YES;
				CLANG_WARN_EMPTY_BODY = YES;
				CLANG_WARN_ENUM_CONVERSION = YES;
				CLANG_WARN_INFINITE_RECURSION = YES;
				CLANG_WARN_INT_CONVERSION = YES;
				CLANG_WARN_NON_LITERAL_NULL_CONVERSION = YES;
				CLANG_WARN_OBJC_IMPLICIT_RETAIN_SELF = YES;
				CLANG_WARN_OBJC_LITERAL_CONVERSION = YES;
				CLANG_WARN_OBJC_ROOT_CLASS = YES_ERROR;
				CLANG_WARN_QUOTED_INCLUDE_IN_FRAMEWORK_HEADER = YES;
				CLANG_WARN_RANGE_LOOP_ANALYSIS = YES;
				CLANG_WARN_STRICT_PROTOTYPES = YES;
				CLANG_WARN_SUSPICIOUS_MOVE = YES;
				CLANG_WARN_UNGUARDED_AVAILABILITY = YES_AGGRESSIVE;
				CLANG_WARN_UNREACHABLE_CODE = YES;
				CLANG_WARN__DUPLICATE_METHOD_MATCH = YES;
				COPY_PHASE_STRIP = NO;
				DEBUG_INFORMATION_FORMAT = dwarf;
				ENABLE_STRICT_OBJC_MSGSEND = YES;
				ENABLE_TESTABILITY = YES;
				GCC_C_LANGUAGE_STANDARD = gnu11;
				GCC_DYNAMIC_NO_PIC = NO;
				GCC_NO_COMMON_BLOCKS = YES;
				GCC_OPTIMIZATION_LEVEL = 0;
				GCC_PREPROCESSOR_DEFINITIONS = (
					"DEBUG=1",
					"$(inherited)",
				);
				GCC_WARN_64_TO_32_BIT_CONVERSION = YES;
				GCC_WARN_ABOUT_RETURN_TYPE = YES_ERROR;
				GCC_WARN_UNDECLARED_SELECTOR = YES;
				GCC_WARN_UNINITIALIZED_AUTOS = YES_AGGRESSIVE;
				GCC_WARN_UNUSED_FUNCTION = YES;
				GCC_WARN_UNUSED_VARIABLE = YES;
				IPHONEOS_DEPLOYMENT_TARGET = 14.0;
				MTL_ENABLE_DEBUG_INFO = INCLUDE_SOURCE;
				MTL_FAST_MATH = YES;
				ONLY_ACTIVE_ARCH = YES;
				SDKROOT = iphoneos;
				SWIFT_ACTIVE_COMPILATION_CONDITIONS = DEBUG;
				SWIFT_OPTIMIZATION_LEVEL = "-Onone";
			};
			name = Debug;
		};
		7EDF7C6D2535EA6D00191510 /* Release */ = {
			isa = XCBuildConfiguration;
			buildSettings = {
				ALWAYS_SEARCH_USER_PATHS = NO;
				CLANG_ANALYZER_NONNULL = YES;
				CLANG_ANALYZER_NUMBER_OBJECT_CONVERSION = YES_AGGRESSIVE;
				CLANG_CXX_LANGUAGE_STANDARD = "gnu++14";
				CLANG_CXX_LIBRARY = "libc++";
				CLANG_ENABLE_MODULES = YES;
				CLANG_ENABLE_OBJC_ARC = YES;
				CLANG_ENABLE_OBJC_WEAK = YES;
				CLANG_WARN_BLOCK_CAPTURE_AUTORELEASING = YES;
				CLANG_WARN_BOOL_CONVERSION = YES;
				CLANG_WARN_COMMA = YES;
				CLANG_WARN_CONSTANT_CONVERSION = YES;
				CLANG_WARN_DEPRECATED_OBJC_IMPLEMENTATIONS = YES;
				CLANG_WARN_DIRECT_OBJC_ISA_USAGE = YES_ERROR;
				CLANG_WARN_DOCUMENTATION_COMMENTS = YES;
				CLANG_WARN_EMPTY_BODY = YES;
				CLANG_WARN_ENUM_CONVERSION = YES;
				CLANG_WARN_INFINITE_RECURSION = YES;
				CLANG_WARN_INT_CONVERSION = YES;
				CLANG_WARN_NON_LITERAL_NULL_CONVERSION = YES;
				CLANG_WARN_OBJC_IMPLICIT_RETAIN_SELF = YES;
				CLANG_WARN_OBJC_LITERAL_CONVERSION = YES;
				CLANG_WARN_OBJC_ROOT_CLASS = YES_ERROR;
				CLANG_WARN_QUOTED_INCLUDE_IN_FRAMEWORK_HEADER = YES;
				CLANG_WARN_RANGE_LOOP_ANALYSIS = YES;
				CLANG_WARN_STRICT_PROTOTYPES = YES;
				CLANG_WARN_SUSPICIOUS_MOVE = YES;
				CLANG_WARN_UNGUARDED_AVAILABILITY = YES_AGGRESSIVE;
				CLANG_WARN_UNREACHABLE_CODE = YES;
				CLANG_WARN__DUPLICATE_METHOD_MATCH = YES;
				COPY_PHASE_STRIP = NO;
				DEBUG_INFORMATION_FORMAT = "dwarf-with-dsym";
				ENABLE_NS_ASSERTIONS = NO;
				ENABLE_STRICT_OBJC_MSGSEND = YES;
				GCC_C_LANGUAGE_STANDARD = gnu11;
				GCC_NO_COMMON_BLOCKS = YES;
				GCC_WARN_64_TO_32_BIT_CONVERSION = YES;
				GCC_WARN_ABOUT_RETURN_TYPE = YES_ERROR;
				GCC_WARN_UNDECLARED_SELECTOR = YES;
				GCC_WARN_UNINITIALIZED_AUTOS = YES_AGGRESSIVE;
				GCC_WARN_UNUSED_FUNCTION = YES;
				GCC_WARN_UNUSED_VARIABLE = YES;
				IPHONEOS_DEPLOYMENT_TARGET = 14.0;
				MTL_ENABLE_DEBUG_INFO = NO;
				MTL_FAST_MATH = YES;
				SDKROOT = iphoneos;
				SWIFT_COMPILATION_MODE = wholemodule;
				SWIFT_OPTIMIZATION_LEVEL = "-O";
				VALIDATE_PRODUCT = YES;
			};
			name = Release;
		};
		7EDF7C6F2535EA6D00191510 /* Debug */ = {
			isa = XCBuildConfiguration;
			baseConfigurationReference = FB92C3976BE7A5E6714AA428 /* Pods-StopCovidEpitech.debug.xcconfig */;
			buildSettings = {
				ASSETCATALOG_COMPILER_APPICON_NAME = AppIcon;
				ASSETCATALOG_COMPILER_GLOBAL_ACCENT_COLOR_NAME = AccentColor;
				CODE_SIGN_STYLE = Automatic;
				INFOPLIST_FILE = StopCovidEpitech/Info.plist;
				LD_RUNPATH_SEARCH_PATHS = (
					"$(inherited)",
					"@executable_path/Frameworks",
				);
				PRODUCT_BUNDLE_IDENTIFIER = SwiftFirstProject.StopCovidEpitech;
				PRODUCT_NAME = "$(TARGET_NAME)";
				SWIFT_VERSION = 5.0;
				TARGETED_DEVICE_FAMILY = "1,2";
			};
			name = Debug;
		};
		7EDF7C702535EA6D00191510 /* Release */ = {
			isa = XCBuildConfiguration;
			baseConfigurationReference = 4B1759BC259A41E2F55D646B /* Pods-StopCovidEpitech.release.xcconfig */;
			buildSettings = {
				ASSETCATALOG_COMPILER_APPICON_NAME = AppIcon;
				ASSETCATALOG_COMPILER_GLOBAL_ACCENT_COLOR_NAME = AccentColor;
				CODE_SIGN_STYLE = Automatic;
				INFOPLIST_FILE = StopCovidEpitech/Info.plist;
				LD_RUNPATH_SEARCH_PATHS = (
					"$(inherited)",
					"@executable_path/Frameworks",
				);
				PRODUCT_BUNDLE_IDENTIFIER = SwiftFirstProject.StopCovidEpitech;
				PRODUCT_NAME = "$(TARGET_NAME)";
				SWIFT_VERSION = 5.0;
				TARGETED_DEVICE_FAMILY = "1,2";
			};
			name = Release;
		};
/* End XCBuildConfiguration section */

/* Begin XCConfigurationList section */
		7EDF7C552535EA6B00191510 /* Build configuration list for PBXProject "StopCovidEpitech" */ = {
			isa = XCConfigurationList;
			buildConfigurations = (
				7EDF7C6C2535EA6D00191510 /* Debug */,
				7EDF7C6D2535EA6D00191510 /* Release */,
			);
			defaultConfigurationIsVisible = 0;
			defaultConfigurationName = Release;
		};
		7EDF7C6E2535EA6D00191510 /* Build configuration list for PBXNativeTarget "StopCovidEpitech" */ = {
			isa = XCConfigurationList;
			buildConfigurations = (
				7EDF7C6F2535EA6D00191510 /* Debug */,
				7EDF7C702535EA6D00191510 /* Release */,
			);
			defaultConfigurationIsVisible = 0;
			defaultConfigurationName = Release;
		};
/* End XCConfigurationList section */
	};
	rootObject = 7EDF7C522535EA6B00191510 /* Project object */;
}
